
Microsoft Visual Studio Solution File, Format Version 12.00
# Visual Studio Version 17
VisualStudioVersion = 17.2.32526.322
MinimumVisualStudioVersion = 10.0.40219.1
Project("{9A19103F-16F7-4668-BE54-9A1E7A4F7556}") = "Calculator", "Calculator\Calculator.csproj", "{B17A066F-532B-4E3F-880A-6348A0087E8E}"
EndProject
Project("{FAE04EC0-301F-11D3-BF4B-00C04F79EFBC}") = "CalculatorTests", "CalculatorTests\CalculatorTests.csproj", "{13A18D11-3592-46AD-BB4C-85A07754954B}"
EndProject
Global
	GlobalSection(SolutionConfigurationPlatforms) = preSolution
		Debug|Any CPU = Debug|Any CPU
		Release|Any CPU = Release|Any CPU
	EndGlobalSection
	GlobalSection(ProjectConfigurationPlatforms) = postSolution
		{B17A066F-532B-4E3F-880A-6348A0087E8E}.Debug|Any CPU.ActiveCfg = Debug|Any CPU
		{B17A066F-532B-4E3F-880A-6348A0087E8E}.Debug|Any CPU.Build.0 = Debug|Any CPU
		{B17A066F-532B-4E3F-880A-6348A0087E8E}.Release|Any CPU.ActiveCfg = Release|Any CPU
		{B17A066F-532B-4E3F-880A-6348A0087E8E}.Release|Any CPU.Build.0 = Release|Any CPU
		{13A18D11-3592-46AD-BB4C-85A07754954B}.Debug|Any CPU.ActiveCfg = Debug|Any CPU
		{13A18D11-3592-46AD-BB4C-85A07754954B}.Debug|Any CPU.Build.0 = Debug|Any CPU
		{13A18D11-3592-46AD-BB4C-85A07754954B}.Release|Any CPU.ActiveCfg = Release|Any CPU
		{13A18D11-3592-46AD-BB4C-85A07754954B}.Release|Any CPU.Build.0 = Release|Any CPU
	EndGlobalSection
	GlobalSection(SolutionProperties) = preSolution
		HideSolutionNode = FALSE
	EndGlobalSection
	GlobalSection(ExtensibilityGlobals) = postSolution
		SolutionGuid = {88B5E37D-FF01-43EF-8C98-1B922E7DC559}
	EndGlobalSection
EndGlobal
